// !$*UTF8*$!
{
	archiveVersion = 1;
	classes = {
	};
	objectVersion = 50;
	objects = {

/* Begin PBXBuildFile section */
		5EBC745721B18AD00067AF56 /* AppDelegate.swift in Sources */ = {isa = PBXBuildFile; fileRef = 5EBC745621B18AD00067AF56 /* AppDelegate.swift */; };
		5EBC745921B18AD00067AF56 /* ViewController.swift in Sources */ = {isa = PBXBuildFile; fileRef = 5EBC745821B18AD00067AF56 /* ViewController.swift */; };
		5EBC745C21B18AD00067AF56 /* Main.storyboard in Resources */ = {isa = PBXBuildFile; fileRef = 5EBC745A21B18AD00067AF56 /* Main.storyboard */; };
		5EBC745E21B18AD30067AF56 /* Assets.xcassets in Resources */ = {isa = PBXBuildFile; fileRef = 5EBC745D21B18AD30067AF56 /* Assets.xcassets */; };
		5EBC746121B18AD30067AF56 /* LaunchScreen.storyboard in Resources */ = {isa = PBXBuildFile; fileRef = 5EBC745F21B18AD30067AF56 /* LaunchScreen.storyboard */; };
		5EBC746C21B2AEC70067AF56 /* CryptoSwift.framework in Frameworks */ = {isa = PBXBuildFile; fileRef = 5EBC746921B2AEC30067AF56 /* CryptoSwift.framework */; };
		5EBC746D21B2AEC70067AF56 /* EthereumKit.framework in Frameworks */ = {isa = PBXBuildFile; fileRef = 5EBC746A21B2AEC70067AF56 /* EthereumKit.framework */; };
		5EBC746E21B2AEC70067AF56 /* CryptoEthereumSwift.framework in Frameworks */ = {isa = PBXBuildFile; fileRef = 5EBC746B21B2AEC70067AF56 /* CryptoEthereumSwift.framework */; };
		813228C221B1B669006685EB /* Localizable.strings in Resources */ = {isa = PBXBuildFile; fileRef = 813228C021B1B669006685EB /* Localizable.strings */; };
		813228C621B1B68C006685EB /* Strings.swift in Sources */ = {isa = PBXBuildFile; fileRef = 813228C421B1B68C006685EB /* Strings.swift */; };
		813228C721B1B68C006685EB /* AssetsImages.swift in Sources */ = {isa = PBXBuildFile; fileRef = 813228C521B1B68C006685EB /* AssetsImages.swift */; };
		9537DD69B154C204BB7553EB /* Pods_EtherWallet.framework in Frameworks */ = {isa = PBXBuildFile; fileRef = A0F6DF67A3188F939A02E4B6 /* Pods_EtherWallet.framework */; };
/* End PBXBuildFile section */

/* Begin PBXFileReference section */
		5EBC745321B18AD00067AF56 /* EtherWallet.app */ = {isa = PBXFileReference; explicitFileType = wrapper.application; includeInIndex = 0; path = EtherWallet.app; sourceTree = BUILT_PRODUCTS_DIR; };
		5EBC745621B18AD00067AF56 /* AppDelegate.swift */ = {isa = PBXFileReference; lastKnownFileType = sourcecode.swift; path = AppDelegate.swift; sourceTree = "<group>"; };
		5EBC745821B18AD00067AF56 /* ViewController.swift */ = {isa = PBXFileReference; lastKnownFileType = sourcecode.swift; path = ViewController.swift; sourceTree = "<group>"; };
		5EBC745B21B18AD00067AF56 /* Base */ = {isa = PBXFileReference; lastKnownFileType = file.storyboard; name = Base; path = Base.lproj/Main.storyboard; sourceTree = "<group>"; };
		5EBC745D21B18AD30067AF56 /* Assets.xcassets */ = {isa = PBXFileReference; lastKnownFileType = folder.assetcatalog; path = Assets.xcassets; sourceTree = "<group>"; };
		5EBC746021B18AD30067AF56 /* Base */ = {isa = PBXFileReference; lastKnownFileType = file.storyboard; name = Base; path = Base.lproj/LaunchScreen.storyboard; sourceTree = "<group>"; };
		5EBC746221B18AD30067AF56 /* Info.plist */ = {isa = PBXFileReference; lastKnownFileType = text.plist.xml; path = Info.plist; sourceTree = "<group>"; };
		5EBC746921B2AEC30067AF56 /* CryptoSwift.framework */ = {isa = PBXFileReference; lastKnownFileType = wrapper.framework; name = CryptoSwift.framework; path = Carthage/Build/iOS/CryptoSwift.framework; sourceTree = "<group>"; };
		5EBC746A21B2AEC70067AF56 /* EthereumKit.framework */ = {isa = PBXFileReference; lastKnownFileType = wrapper.framework; name = EthereumKit.framework; path = Carthage/Build/iOS/EthereumKit.framework; sourceTree = "<group>"; };
		5EBC746B21B2AEC70067AF56 /* CryptoEthereumSwift.framework */ = {isa = PBXFileReference; lastKnownFileType = wrapper.framework; name = CryptoEthereumSwift.framework; path = Carthage/Build/iOS/CryptoEthereumSwift.framework; sourceTree = "<group>"; };
		6DCADD4E5FCDF10A56C76CF4 /* Pods-EtherWallet.release.xcconfig */ = {isa = PBXFileReference; includeInIndex = 1; lastKnownFileType = text.xcconfig; name = "Pods-EtherWallet.release.xcconfig"; path = "Pods/Target Support Files/Pods-EtherWallet/Pods-EtherWallet.release.xcconfig"; sourceTree = "<group>"; };
		813228C121B1B669006685EB /* Base */ = {isa = PBXFileReference; lastKnownFileType = text.plist.strings; name = Base; path = Base.lproj/Localizable.strings; sourceTree = "<group>"; };
		813228C321B1B66D006685EB /* en */ = {isa = PBXFileReference; lastKnownFileType = text.plist.strings; name = en; path = en.lproj/Localizable.strings; sourceTree = "<group>"; };
		813228C421B1B68C006685EB /* Strings.swift */ = {isa = PBXFileReference; fileEncoding = 4; lastKnownFileType = sourcecode.swift; path = Strings.swift; sourceTree = "<group>"; };
		813228C521B1B68C006685EB /* AssetsImages.swift */ = {isa = PBXFileReference; fileEncoding = 4; lastKnownFileType = sourcecode.swift; path = AssetsImages.swift; sourceTree = "<group>"; };
		86664D34821951BDA9515C80 /* Pods-EtherWallet.debug.xcconfig */ = {isa = PBXFileReference; includeInIndex = 1; lastKnownFileType = text.xcconfig; name = "Pods-EtherWallet.debug.xcconfig"; path = "Pods/Target Support Files/Pods-EtherWallet/Pods-EtherWallet.debug.xcconfig"; sourceTree = "<group>"; };
		A0F6DF67A3188F939A02E4B6 /* Pods_EtherWallet.framework */ = {isa = PBXFileReference; explicitFileType = wrapper.framework; includeInIndex = 0; path = Pods_EtherWallet.framework; sourceTree = BUILT_PRODUCTS_DIR; };
/* End PBXFileReference section */

/* Begin PBXFrameworksBuildPhase section */
		5EBC745021B18AD00067AF56 /* Frameworks */ = {
			isa = PBXFrameworksBuildPhase;
			buildActionMask = 2147483647;
			files = (
				5EBC746C21B2AEC70067AF56 /* CryptoSwift.framework in Frameworks */,
				5EBC746D21B2AEC70067AF56 /* EthereumKit.framework in Frameworks */,
				5EBC746E21B2AEC70067AF56 /* CryptoEthereumSwift.framework in Frameworks */,
				9537DD69B154C204BB7553EB /* Pods_EtherWallet.framework in Frameworks */,
			);
			runOnlyForDeploymentPostprocessing = 0;
		};
/* End PBXFrameworksBuildPhase section */

/* Begin PBXGroup section */
		3CAB2E315CC96C260C67102F /* Frameworks */ = {
			isa = PBXGroup;
			children = (
				5EBC746B21B2AEC70067AF56 /* CryptoEthereumSwift.framework */,
				5EBC746921B2AEC30067AF56 /* CryptoSwift.framework */,
				5EBC746A21B2AEC70067AF56 /* EthereumKit.framework */,
				A0F6DF67A3188F939A02E4B6 /* Pods_EtherWallet.framework */,
			);
			name = Frameworks;
			sourceTree = "<group>";
		};
		5EBC744A21B18AD00067AF56 = {
			isa = PBXGroup;
			children = (
				5EBC745521B18AD00067AF56 /* EtherWallet */,
				5EBC745421B18AD00067AF56 /* Products */,
				ACB5C579B5403A7C734EB8C5 /* Pods */,
				3CAB2E315CC96C260C67102F /* Frameworks */,
			);
			sourceTree = "<group>";
		};
		5EBC745421B18AD00067AF56 /* Products */ = {
			isa = PBXGroup;
			children = (
				5EBC745321B18AD00067AF56 /* EtherWallet.app */,
			);
			name = Products;
			sourceTree = "<group>";
		};
		5EBC745521B18AD00067AF56 /* EtherWallet */ = {
			isa = PBXGroup;
			children = (
				81EC067F21D2BB00006C3B84 /* Classes */,
				813228B521B1B44F006685EB /* Generated */,
				813228B121B1B39F006685EB /* Resources */,
				81EC068821D2BBCF006C3B84 /* Supporting Files */,
			);
			path = EtherWallet;
			sourceTree = "<group>";
		};
		813228B121B1B39F006685EB /* Resources */ = {
			isa = PBXGroup;
			children = (
				81EC068721D2BB8E006C3B84 /* Images */,
				813228B221B1B3C9006685EB /* Strings */,
			);
			path = Resources;
			sourceTree = "<group>";
		};
		813228B221B1B3C9006685EB /* Strings */ = {
			isa = PBXGroup;
			children = (
				813228C021B1B669006685EB /* Localizable.strings */,
			);
			path = Strings;
			sourceTree = "<group>";
		};
		813228B521B1B44F006685EB /* Generated */ = {
			isa = PBXGroup;
			children = (
				813228C521B1B68C006685EB /* AssetsImages.swift */,
				813228C421B1B68C006685EB /* Strings.swift */,
			);
			path = Generated;
			sourceTree = "<group>";
		};
		81EC067F21D2BB00006C3B84 /* Classes */ = {
			isa = PBXGroup;
			children = (
				81EC068521D2BB6E006C3B84 /* BusinessLogicLayer */,
				81EC068321D2BB5F006C3B84 /* CoreLayer */,
				81EC068221D2BB55006C3B84 /* PresentationLayer */,
				81EC068121D2BB30006C3B84 /* Flow & Coordinators */,
				81EC068021D2BB0E006C3B84 /* ApplicationLayer */,
			);
			path = Classes;
			sourceTree = "<group>";
		};
		81EC068021D2BB0E006C3B84 /* ApplicationLayer */ = {
			isa = PBXGroup;
			children = (
				5EBC745621B18AD00067AF56 /* AppDelegate.swift */,
			);
			path = ApplicationLayer;
			sourceTree = "<group>";
		};
		81EC068121D2BB30006C3B84 /* Flow & Coordinators */ = {
			isa = PBXGroup;
			children = (
			);
			path = "Flow & Coordinators";
			sourceTree = "<group>";
		};
		81EC068221D2BB55006C3B84 /* PresentationLayer */ = {
			isa = PBXGroup;
			children = (
				5EBC745821B18AD00067AF56 /* ViewController.swift */,
				81EC068621D2BB7F006C3B84 /* Storyboards */,
			);
			path = PresentationLayer;
			sourceTree = "<group>";
		};
		81EC068321D2BB5F006C3B84 /* CoreLayer */ = {
			isa = PBXGroup;
			children = (
				81EC068421D2BB66006C3B84 /* Utilities */,
			);
			path = CoreLayer;
			sourceTree = "<group>";
		};
		81EC068421D2BB66006C3B84 /* Utilities */ = {
			isa = PBXGroup;
			children = (
			);
			path = Utilities;
			sourceTree = "<group>";
		};
		81EC068521D2BB6E006C3B84 /* BusinessLogicLayer */ = {
			isa = PBXGroup;
			children = (
			);
			path = BusinessLogicLayer;
			sourceTree = "<group>";
		};
		81EC068621D2BB7F006C3B84 /* Storyboards */ = {
			isa = PBXGroup;
			children = (
				5EBC745F21B18AD30067AF56 /* LaunchScreen.storyboard */,
				5EBC745A21B18AD00067AF56 /* Main.storyboard */,
			);
			path = Storyboards;
			sourceTree = "<group>";
		};
		81EC068721D2BB8E006C3B84 /* Images */ = {
			isa = PBXGroup;
			children = (
				5EBC745D21B18AD30067AF56 /* Assets.xcassets */,
			);
			path = Images;
			sourceTree = "<group>";
		};
		81EC068821D2BBCF006C3B84 /* Supporting Files */ = {
			isa = PBXGroup;
			children = (
				5EBC746221B18AD30067AF56 /* Info.plist */,
			);
			path = "Supporting Files";
			sourceTree = "<group>";
		};
		ACB5C579B5403A7C734EB8C5 /* Pods */ = {
			isa = PBXGroup;
			children = (
				86664D34821951BDA9515C80 /* Pods-EtherWallet.debug.xcconfig */,
				6DCADD4E5FCDF10A56C76CF4 /* Pods-EtherWallet.release.xcconfig */,
			);
			name = Pods;
			sourceTree = "<group>";
		};
/* End PBXGroup section */

/* Begin PBXNativeTarget section */
		5EBC745221B18AD00067AF56 /* EtherWallet */ = {
			isa = PBXNativeTarget;
			buildConfigurationList = 5EBC746521B18AD30067AF56 /* Build configuration list for PBXNativeTarget "EtherWallet" */;
			buildPhases = (
				EA92EA454809C97E37678AEE /* [CP] Check Pods Manifest.lock */,
				5EBC746F21B2AF0E0067AF56 /* Carthage Script */,
				813228B021B1B250006685EB /* SwiftGen Script */,
				5EBC746821B19B870067AF56 /* SwiftLint Script */,
				5EBC744F21B18AD00067AF56 /* Sources */,
				5EBC745021B18AD00067AF56 /* Frameworks */,
				5EBC745121B18AD00067AF56 /* Resources */,
				26186214823D65D6246B4EE7 /* [CP] Embed Pods Frameworks */,
				5ECFA5A721F0D0BA004239AF /* Fabric Script */,
			);
			buildRules = (
			);
			dependencies = (
			);
			name = EtherWallet;
			productName = EtherWallet;
			productReference = 5EBC745321B18AD00067AF56 /* EtherWallet.app */;
			productType = "com.apple.product-type.application";
		};
/* End PBXNativeTarget section */

/* Begin PBXProject section */
		5EBC744B21B18AD00067AF56 /* Project object */ = {
			isa = PBXProject;
			attributes = {
				LastSwiftUpdateCheck = 1010;
				LastUpgradeCheck = 1010;
				ORGANIZATIONNAME = cristalTech;
				TargetAttributes = {
					5EBC745221B18AD00067AF56 = {
						CreatedOnToolsVersion = 10.1;
					};
				};
			};
			buildConfigurationList = 5EBC744E21B18AD00067AF56 /* Build configuration list for PBXProject "EtherWallet" */;
			compatibilityVersion = "Xcode 9.3";
			developmentRegion = en;
			hasScannedForEncodings = 0;
			knownRegions = (
				en,
				Base,
			);
			mainGroup = 5EBC744A21B18AD00067AF56;
			productRefGroup = 5EBC745421B18AD00067AF56 /* Products */;
			projectDirPath = "";
			projectRoot = "";
			targets = (
				5EBC745221B18AD00067AF56 /* EtherWallet */,
			);
		};
/* End PBXProject section */

/* Begin PBXResourcesBuildPhase section */
		5EBC745121B18AD00067AF56 /* Resources */ = {
			isa = PBXResourcesBuildPhase;
			buildActionMask = 2147483647;
			files = (
				5EBC746121B18AD30067AF56 /* LaunchScreen.storyboard in Resources */,
				813228C221B1B669006685EB /* Localizable.strings in Resources */,
				5EBC745E21B18AD30067AF56 /* Assets.xcassets in Resources */,
				5EBC745C21B18AD00067AF56 /* Main.storyboard in Resources */,
			);
			runOnlyForDeploymentPostprocessing = 0;
		};
/* End PBXResourcesBuildPhase section */

/* Begin PBXShellScriptBuildPhase section */
		26186214823D65D6246B4EE7 /* [CP] Embed Pods Frameworks */ = {
			isa = PBXShellScriptBuildPhase;
			buildActionMask = 2147483647;
			files = (
			);
			inputFileListPaths = (
			);
			inputPaths = (
				"${SRCROOT}/Pods/Target Support Files/Pods-EtherWallet/Pods-EtherWallet-frameworks.sh",
				"${BUILT_PRODUCTS_DIR}/Alamofire/Alamofire.framework",
				"${BUILT_PRODUCTS_DIR}/KeychainAccess/KeychainAccess.framework",
				"${BUILT_PRODUCTS_DIR}/RxAtomic/RxAtomic.framework",
				"${BUILT_PRODUCTS_DIR}/RxCocoa/RxCocoa.framework",
				"${BUILT_PRODUCTS_DIR}/RxSwift/RxSwift.framework",
				"${BUILT_PRODUCTS_DIR}/Swinject/Swinject.framework",
			);
			name = "[CP] Embed Pods Frameworks";
			outputFileListPaths = (
			);
			outputPaths = (
				"${TARGET_BUILD_DIR}/${FRAMEWORKS_FOLDER_PATH}/Alamofire.framework",
				"${TARGET_BUILD_DIR}/${FRAMEWORKS_FOLDER_PATH}/KeychainAccess.framework",
				"${TARGET_BUILD_DIR}/${FRAMEWORKS_FOLDER_PATH}/RxAtomic.framework",
				"${TARGET_BUILD_DIR}/${FRAMEWORKS_FOLDER_PATH}/RxCocoa.framework",
				"${TARGET_BUILD_DIR}/${FRAMEWORKS_FOLDER_PATH}/RxSwift.framework",
				"${TARGET_BUILD_DIR}/${FRAMEWORKS_FOLDER_PATH}/Swinject.framework",
			);
			runOnlyForDeploymentPostprocessing = 0;
			shellPath = /bin/sh;
			shellScript = "\"${SRCROOT}/Pods/Target Support Files/Pods-EtherWallet/Pods-EtherWallet-frameworks.sh\"\n";
			showEnvVarsInLog = 0;
		};
		5EBC746821B19B870067AF56 /* SwiftLint Script */ = {
			isa = PBXShellScriptBuildPhase;
			buildActionMask = 2147483647;
			files = (
			);
			inputFileListPaths = (
			);
			inputPaths = (
			);
			name = "SwiftLint Script";
			outputFileListPaths = (
			);
			outputPaths = (
			);
			runOnlyForDeploymentPostprocessing = 0;
			shellPath = /bin/sh;
			shellScript = "if which swiftlint >/dev/null; then\nswiftlint autocorrect --quiet --config \"${SRCROOT}/_swiftlint.yml\" --path \"${SRCROOT}/EtherWallet\"\nswiftlint lint --quiet --config \"${SRCROOT}/_swiftlint.yml\" --path \"${SRCROOT}/EtherWallet\"\nelse\necho \"error: SwiftLint not installed, refer to installation instructions from https://github.com/realm/SwiftLint#installation\"\nexit 1\nfi\n";
		};
		5EBC746F21B2AF0E0067AF56 /* Carthage Script */ = {
			isa = PBXShellScriptBuildPhase;
			buildActionMask = 2147483647;
			files = (
			);
			inputFileListPaths = (
			);
			inputPaths = (
				"$(SRCROOT)/Carthage/Build/iOS/CryptoSwift.framework",
				"$(SRCROOT)/Carthage/Build/iOS/EthereumKit.framework",
				"$(SRCROOT)/Carthage/Build/iOS/CryptoEthereumSwift.framework",
			);
			name = "Carthage Script";
			outputFileListPaths = (
			);
			outputPaths = (
			);
			runOnlyForDeploymentPostprocessing = 0;
			shellPath = /bin/sh;
			shellScript = "# Type a script or drag a script file from your workspace to insert its path.\n/usr/local/bin/carthage copy-frameworks\n";
		};
		5ECFA5A721F0D0BA004239AF /* Fabric Script */ = {
			isa = PBXShellScriptBuildPhase;
			buildActionMask = 2147483647;
			files = (
			);
			inputFileListPaths = (
			);
			inputPaths = (
			);
			name = "Fabric Script";
			outputFileListPaths = (
			);
			outputPaths = (
			);
			runOnlyForDeploymentPostprocessing = 0;
			shellPath = /bin/sh;
			shellScript = "\"${PODS_ROOT}/Fabric/run\" 31ea1fb960b5ea97b1a8a9a203a45cd75c227039 4579ae767c59e9e8c9691176ca2e076bbd661f009efa29a4bd2b35b73519ba93\n";
		};
		813228B021B1B250006685EB /* SwiftGen Script */ = {
			isa = PBXShellScriptBuildPhase;
			buildActionMask = 2147483647;
			files = (
			);
			inputFileListPaths = (
			);
			inputPaths = (
			);
			name = "SwiftGen Script";
			outputFileListPaths = (
			);
			outputPaths = (
			);
			runOnlyForDeploymentPostprocessing = 0;
			shellPath = /bin/sh;
			shellScript = "if which swiftgen >/dev/null; then\nswiftgen\nfi\n";
		};
		EA92EA454809C97E37678AEE /* [CP] Check Pods Manifest.lock */ = {
			isa = PBXShellScriptBuildPhase;
			buildActionMask = 2147483647;
			files = (
			);
			inputFileListPaths = (
			);
			inputPaths = (
				"${PODS_PODFILE_DIR_PATH}/Podfile.lock",
				"${PODS_ROOT}/Manifest.lock",
			);
			name = "[CP] Check Pods Manifest.lock";
			outputFileListPaths = (
			);
			outputPaths = (
				"$(DERIVED_FILE_DIR)/Pods-EtherWallet-checkManifestLockResult.txt",
			);
			runOnlyForDeploymentPostprocessing = 0;
			shellPath = /bin/sh;
			shellScript = "diff \"${PODS_PODFILE_DIR_PATH}/Podfile.lock\" \"${PODS_ROOT}/Manifest.lock\" > /dev/null\nif [ $? != 0 ] ; then\n    # print error to STDERR\n    echo \"error: The sandbox is not in sync with the Podfile.lock. Run 'pod install' or update your CocoaPods installation.\" >&2\n    exit 1\nfi\n# This output is used by Xcode 'outputs' to avoid re-running this script phase.\necho \"SUCCESS\" > \"${SCRIPT_OUTPUT_FILE_0}\"\n";
			showEnvVarsInLog = 0;
		};
/* End PBXShellScriptBuildPhase section */

/* Begin PBXSourcesBuildPhase section */
		5EBC744F21B18AD00067AF56 /* Sources */ = {
			isa = PBXSourcesBuildPhase;
			buildActionMask = 2147483647;
			files = (
				5EBC745921B18AD00067AF56 /* ViewController.swift in Sources */,
				813228C621B1B68C006685EB /* Strings.swift in Sources */,
				813228C721B1B68C006685EB /* AssetsImages.swift in Sources */,
				5EBC745721B18AD00067AF56 /* AppDelegate.swift in Sources */,
			);
			runOnlyForDeploymentPostprocessing = 0;
		};
/* End PBXSourcesBuildPhase section */

/* Begin PBXVariantGroup section */
		5EBC745A21B18AD00067AF56 /* Main.storyboard */ = {
			isa = PBXVariantGroup;
			children = (
				5EBC745B21B18AD00067AF56 /* Base */,
			);
			name = Main.storyboard;
			sourceTree = "<group>";
		};
		5EBC745F21B18AD30067AF56 /* LaunchScreen.storyboard */ = {
			isa = PBXVariantGroup;
			children = (
				5EBC746021B18AD30067AF56 /* Base */,
			);
			name = LaunchScreen.storyboard;
			sourceTree = "<group>";
		};
		813228C021B1B669006685EB /* Localizable.strings */ = {
			isa = PBXVariantGroup;
			children = (
				813228C121B1B669006685EB /* Base */,
				813228C321B1B66D006685EB /* en */,
			);
			name = Localizable.strings;
			sourceTree = "<group>";
		};
/* End PBXVariantGroup section */

/* Begin XCBuildConfiguration section */
		5EBC746321B18AD30067AF56 /* Debug */ = {
			isa = XCBuildConfiguration;
			buildSettings = {
				ALWAYS_SEARCH_USER_PATHS = NO;
				CLANG_ANALYZER_NONNULL = YES;
				CLANG_ANALYZER_NUMBER_OBJECT_CONVERSION = YES_AGGRESSIVE;
				CLANG_CXX_LANGUAGE_STANDARD = "gnu++14";
				CLANG_CXX_LIBRARY = "libc++";
				CLANG_ENABLE_MODULES = YES;
				CLANG_ENABLE_OBJC_ARC = YES;
				CLANG_ENABLE_OBJC_WEAK = YES;
				CLANG_WARN_BLOCK_CAPTURE_AUTORELEASING = YES;
				CLANG_WARN_BOOL_CONVERSION = YES;
				CLANG_WARN_COMMA = YES;
				CLANG_WARN_CONSTANT_CONVERSION = YES;
				CLANG_WARN_DEPRECATED_OBJC_IMPLEMENTATIONS = YES;
				CLANG_WARN_DIRECT_OBJC_ISA_USAGE = YES_ERROR;
				CLANG_WARN_DOCUMENTATION_COMMENTS = YES;
				CLANG_WARN_EMPTY_BODY = YES;
				CLANG_WARN_ENUM_CONVERSION = YES;
				CLANG_WARN_INFINITE_RECURSION = YES;
				CLANG_WARN_INT_CONVERSION = YES;
				CLANG_WARN_NON_LITERAL_NULL_CONVERSION = YES;
				CLANG_WARN_OBJC_IMPLICIT_RETAIN_SELF = YES;
				CLANG_WARN_OBJC_LITERAL_CONVERSION = YES;
				CLANG_WARN_OBJC_ROOT_CLASS = YES_ERROR;
				CLANG_WARN_RANGE_LOOP_ANALYSIS = YES;
				CLANG_WARN_STRICT_PROTOTYPES = YES;
				CLANG_WARN_SUSPICIOUS_MOVE = YES;
				CLANG_WARN_UNGUARDED_AVAILABILITY = YES_AGGRESSIVE;
				CLANG_WARN_UNREACHABLE_CODE = YES;
				CLANG_WARN__DUPLICATE_METHOD_MATCH = YES;
				CODE_SIGN_IDENTITY = "iPhone Developer";
				COPY_PHASE_STRIP = NO;
				DEBUG_INFORMATION_FORMAT = dwarf;
				ENABLE_STRICT_OBJC_MSGSEND = YES;
				ENABLE_TESTABILITY = YES;
				GCC_C_LANGUAGE_STANDARD = gnu11;
				GCC_DYNAMIC_NO_PIC = NO;
				GCC_NO_COMMON_BLOCKS = YES;
				GCC_OPTIMIZATION_LEVEL = 0;
				GCC_PREPROCESSOR_DEFINITIONS = (
					"DEBUG=1",
					"$(inherited)",
				);
				GCC_WARN_64_TO_32_BIT_CONVERSION = YES;
				GCC_WARN_ABOUT_RETURN_TYPE = YES_ERROR;
				GCC_WARN_UNDECLARED_SELECTOR = YES;
				GCC_WARN_UNINITIALIZED_AUTOS = YES_AGGRESSIVE;
				GCC_WARN_UNUSED_FUNCTION = YES;
				GCC_WARN_UNUSED_VARIABLE = YES;
				IPHONEOS_DEPLOYMENT_TARGET = 12.1;
				MTL_ENABLE_DEBUG_INFO = INCLUDE_SOURCE;
				MTL_FAST_MATH = YES;
				ONLY_ACTIVE_ARCH = YES;
				SDKROOT = iphoneos;
				SWIFT_ACTIVE_COMPILATION_CONDITIONS = DEBUG;
				SWIFT_OPTIMIZATION_LEVEL = "-Onone";
			};
			name = Debug;
		};
		5EBC746421B18AD30067AF56 /* Release */ = {
			isa = XCBuildConfiguration;
			buildSettings = {
				ALWAYS_SEARCH_USER_PATHS = NO;
				CLANG_ANALYZER_NONNULL = YES;
				CLANG_ANALYZER_NUMBER_OBJECT_CONVERSION = YES_AGGRESSIVE;
				CLANG_CXX_LANGUAGE_STANDARD = "gnu++14";
				CLANG_CXX_LIBRARY = "libc++";
				CLANG_ENABLE_MODULES = YES;
				CLANG_ENABLE_OBJC_ARC = YES;
				CLANG_ENABLE_OBJC_WEAK = YES;
				CLANG_WARN_BLOCK_CAPTURE_AUTORELEASING = YES;
				CLANG_WARN_BOOL_CONVERSION = YES;
				CLANG_WARN_COMMA = YES;
				CLANG_WARN_CONSTANT_CONVERSION = YES;
				CLANG_WARN_DEPRECATED_OBJC_IMPLEMENTATIONS = YES;
				CLANG_WARN_DIRECT_OBJC_ISA_USAGE = YES_ERROR;
				CLANG_WARN_DOCUMENTATION_COMMENTS = YES;
				CLANG_WARN_EMPTY_BODY = YES;
				CLANG_WARN_ENUM_CONVERSION = YES;
				CLANG_WARN_INFINITE_RECURSION = YES;
				CLANG_WARN_INT_CONVERSION = YES;
				CLANG_WARN_NON_LITERAL_NULL_CONVERSION = YES;
				CLANG_WARN_OBJC_IMPLICIT_RETAIN_SELF = YES;
				CLANG_WARN_OBJC_LITERAL_CONVERSION = YES;
				CLANG_WARN_OBJC_ROOT_CLASS = YES_ERROR;
				CLANG_WARN_RANGE_LOOP_ANALYSIS = YES;
				CLANG_WARN_STRICT_PROTOTYPES = YES;
				CLANG_WARN_SUSPICIOUS_MOVE = YES;
				CLANG_WARN_UNGUARDED_AVAILABILITY = YES_AGGRESSIVE;
				CLANG_WARN_UNREACHABLE_CODE = YES;
				CLANG_WARN__DUPLICATE_METHOD_MATCH = YES;
				CODE_SIGN_IDENTITY = "iPhone Developer";
				COPY_PHASE_STRIP = NO;
				DEBUG_INFORMATION_FORMAT = "dwarf-with-dsym";
				ENABLE_NS_ASSERTIONS = NO;
				ENABLE_STRICT_OBJC_MSGSEND = YES;
				GCC_C_LANGUAGE_STANDARD = gnu11;
				GCC_NO_COMMON_BLOCKS = YES;
				GCC_WARN_64_TO_32_BIT_CONVERSION = YES;
				GCC_WARN_ABOUT_RETURN_TYPE = YES_ERROR;
				GCC_WARN_UNDECLARED_SELECTOR = YES;
				GCC_WARN_UNINITIALIZED_AUTOS = YES_AGGRESSIVE;
				GCC_WARN_UNUSED_FUNCTION = YES;
				GCC_WARN_UNUSED_VARIABLE = YES;
				IPHONEOS_DEPLOYMENT_TARGET = 12.1;
				MTL_ENABLE_DEBUG_INFO = NO;
				MTL_FAST_MATH = YES;
				SDKROOT = iphoneos;
				SWIFT_COMPILATION_MODE = wholemodule;
				SWIFT_OPTIMIZATION_LEVEL = "-O";
				VALIDATE_PRODUCT = YES;
			};
			name = Release;
		};
		5EBC746621B18AD30067AF56 /* Debug */ = {
			isa = XCBuildConfiguration;
			baseConfigurationReference = 86664D34821951BDA9515C80 /* Pods-EtherWallet.debug.xcconfig */;
			buildSettings = {
				ASSETCATALOG_COMPILER_APPICON_NAME = AppIcon;
				CODE_SIGN_STYLE = Automatic;
				DEBUG_INFORMATION_FORMAT = "dwarf-with-dsym";
				DEVELOPMENT_TEAM = QF9TKHN83N;
				FRAMEWORK_SEARCH_PATHS = (
					"$(inherited)",
					"$(PROJECT_DIR)/Carthage/Build/iOS",
				);
				INFOPLIST_FILE = "EtherWallet/Supporting Files/Info.plist";
				LD_RUNPATH_SEARCH_PATHS = (
					"$(inherited)",
					"@executable_path/Frameworks",
				);
				PRODUCT_BUNDLE_IDENTIFIER = com.cristalTech.EtherWallet;
				PRODUCT_NAME = "$(TARGET_NAME)";
				SWIFT_VERSION = 4.2;
				TARGETED_DEVICE_FAMILY = "1,2";
			};
			name = Debug;
		};
		5EBC746721B18AD30067AF56 /* Release */ = {
			isa = XCBuildConfiguration;
			baseConfigurationReference = 6DCADD4E5FCDF10A56C76CF4 /* Pods-EtherWallet.release.xcconfig */;
			buildSettings = {
				ASSETCATALOG_COMPILER_APPICON_NAME = AppIcon;
				CODE_SIGN_STYLE = Automatic;
				DEVELOPMENT_TEAM = QF9TKHN83N;
				FRAMEWORK_SEARCH_PATHS = (
					"$(inherited)",
					"$(PROJECT_DIR)/Carthage/Build/iOS",
				);
				INFOPLIST_FILE = "EtherWallet/Supporting Files/Info.plist";
				LD_RUNPATH_SEARCH_PATHS = (
					"$(inherited)",
					"@executable_path/Frameworks",
				);
				PRODUCT_BUNDLE_IDENTIFIER = com.cristalTech.EtherWallet;
				PRODUCT_NAME = "$(TARGET_NAME)";
				SWIFT_VERSION = 4.2;
				TARGETED_DEVICE_FAMILY = "1,2";
			};
			name = Release;
		};
/* End XCBuildConfiguration section */

/* Begin XCConfigurationList section */
		5EBC744E21B18AD00067AF56 /* Build configuration list for PBXProject "EtherWallet" */ = {
			isa = XCConfigurationList;
			buildConfigurations = (
				5EBC746321B18AD30067AF56 /* Debug */,
				5EBC746421B18AD30067AF56 /* Release */,
			);
			defaultConfigurationIsVisible = 0;
			defaultConfigurationName = Release;
		};
		5EBC746521B18AD30067AF56 /* Build configuration list for PBXNativeTarget "EtherWallet" */ = {
			isa = XCConfigurationList;
			buildConfigurations = (
				5EBC746621B18AD30067AF56 /* Debug */,
				5EBC746721B18AD30067AF56 /* Release */,
			);
			defaultConfigurationIsVisible = 0;
			defaultConfigurationName = Release;
		};
/* End XCConfigurationList section */
	};
	rootObject = 5EBC744B21B18AD00067AF56 /* Project object */;
}
